Microsoft Visual Studio Solution File, Format Version 12.00
# Visual Studio Version 17
VisualStudioVersion = 17.5.2.0
MinimumVisualStudioVersion = 10.0.40219.1
Project("{FAE04EC0-301F-11D3-BF4B-00C04F79EFBC}") = "Comando switch", "Comando switch.csproj", "{91C791D2-E076-503D-57E4-BA9C73590608}"
EndProject
Global
	GlobalSection(SolutionConfigurationPlatforms) = preSolution
		Debug|Any CPU = Debug|Any CPU
		Release|Any CPU = Release|Any CPU
	EndGlobalSection
	GlobalSection(ProjectConfigurationPlatforms) = postSolution
		{91C791D2-E076-503D-57E4-BA9C73590608}.Debug|Any CPU.ActiveCfg = Debug|Any CPU
		{91C791D2-E076-503D-57E4-BA9C73590608}.Debug|Any CPU.Build.0 = Debug|Any CPU
		{91C791D2-E076-503D-57E4-BA9C73590608}.Release|Any CPU.ActiveCfg = Release|Any CPU
		{91C791D2-E076-503D-57E4-BA9C73590608}.Release|Any CPU.Build.0 = Release|Any CPU
	EndGlobalSection
	GlobalSection(SolutionProperties) = preSolution
		HideSolutionNode = FALSE
	EndGlobalSection
	GlobalSection(ExtensibilityGlobals) = postSolution
		SolutionGuid = {01175DB5-480C-4AEF-850F-900B2806CEFB}
	EndGlobalSection
EndGlobal
