Microsoft Visual Studio Solution File, Format Version 12.00
# Visual Studio Version 17
VisualStudioVersion = 17.5.2.0
MinimumVisualStudioVersion = 10.0.40219.1
Project("{FAE04EC0-301F-11D3-BF4B-00C04F79EFBC}") = "Comando For", "Comando For.csproj", "{31689560-334C-F4CC-6C59-56E3C7859EE5}"
EndProject
Global
	GlobalSection(SolutionConfigurationPlatforms) = preSolution
		Debug|Any CPU = Debug|Any CPU
		Release|Any CPU = Release|Any CPU
	EndGlobalSection
	GlobalSection(ProjectConfigurationPlatforms) = postSolution
		{31689560-334C-F4CC-6C59-56E3C7859EE5}.Debug|Any CPU.ActiveCfg = Debug|Any CPU
		{31689560-334C-F4CC-6C59-56E3C7859EE5}.Debug|Any CPU.Build.0 = Debug|Any CPU
		{31689560-334C-F4CC-6C59-56E3C7859EE5}.Release|Any CPU.ActiveCfg = Release|Any CPU
		{31689560-334C-F4CC-6C59-56E3C7859EE5}.Release|Any CPU.Build.0 = Release|Any CPU
	EndGlobalSection
	GlobalSection(SolutionProperties) = preSolution
		HideSolutionNode = FALSE
	EndGlobalSection
	GlobalSection(ExtensibilityGlobals) = postSolution
		SolutionGuid = {EA79E01E-8EA4-422F-9A37-B46948C45AA7}
	EndGlobalSection
EndGlobal
